
Microsoft Visual Studio Solution File, Format Version 12.00
# Visual Studio Version 17
VisualStudioVersion = 17.14.36518.9
MinimumVisualStudioVersion = 10.0.40219.1
Project("{FAE04EC0-301F-11D3-BF4B-00C04F79EFBC}") = "server", "server\server.csproj", "{00A6355A-B557-49D6-AC02-3809E6080C87}"
EndProject
Global
	GlobalSection(SolutionConfigurationPlatforms) = preSolution
		Debug|Any CPU = Debug|Any CPU
		Release|Any CPU = Release|Any CPU
	EndGlobalSection
	GlobalSection(ProjectConfigurationPlatforms) = postSolution
		{00A6355A-B557-49D6-AC02-3809E6080C87}.Debug|Any CPU.ActiveCfg = Debug|Any CPU
		{00A6355A-B557-49D6-AC02-3809E6080C87}.Debug|Any CPU.Build.0 = Debug|Any CPU
		{00A6355A-B557-49D6-AC02-3809E6080C87}.Release|Any CPU.ActiveCfg = Release|Any CPU
		{00A6355A-B557-49D6-AC02-3809E6080C87}.Release|Any CPU.Build.0 = Release|Any CPU
	EndGlobalSection
	GlobalSection(SolutionProperties) = preSolution
		HideSolutionNode = FALSE
	EndGlobalSection
	GlobalSection(ExtensibilityGlobals) = postSolution
		SolutionGuid = {A75A31B9-5564-44DD-BE94-28BA400C3EE8}
	EndGlobalSection
EndGlobal
